
Microsoft Visual Studio Solution File, Format Version 11.00
# Visual C++ Express 2010
Project("{8BC9CEB8-8B4A-11D0-8D11-00A0C91BC942}") = "timeless", "timeless.vcxproj", "{AEFA0F0E-18E9-C999-7814-F2E4FAC64CD2}"
EndProject
Global
	GlobalSection(SolutionConfigurationPlatforms) = preSolution
		Debug|Win32 = Debug|Win32
		Release|Win32 = Release|Win32
	EndGlobalSection
	GlobalSection(ProjectConfigurationPlatforms) = postSolution
		{AEFA0F0E-18E9-C999-7814-F2E4FAC64CD2}.Debug|Win32.ActiveCfg = Debug|Win32
		{AEFA0F0E-18E9-C999-7814-F2E4FAC64CD2}.Debug|Win32.Build.0 = Debug|Win32
		{AEFA0F0E-18E9-C999-7814-F2E4FAC64CD2}.Release|Win32.ActiveCfg = Release|Win32
		{AEFA0F0E-18E9-C999-7814-F2E4FAC64CD2}.Release|Win32.Build.0 = Release|Win32
	EndGlobalSection
	GlobalSection(SolutionProperties) = preSolution
		HideSolutionNode = FALSE
	EndGlobalSection
EndGlobal
